
Microsoft Visual Studio Solution File, Format Version 12.00
# Visual Studio Version 16
VisualStudioVersion = 16.0.30413.136
MinimumVisualStudioVersion = 10.0.40219.1
Project("{9A19103F-16F7-4668-BE54-9A1E7A4F7556}") = "Hr.API", "Hr.API\Hr.csproj", "{D4C3626A-4D61-4918-AA8A-DACC526AB54C}"
EndProject
Project("{9A19103F-16F7-4668-BE54-9A1E7A4F7556}") = "Hr.BL", "Hr.BL\Hr.BL.csproj", "{E666DC8A-1962-4D47-A7B9-6A325CCEC0CE}"
EndProject
Project("{9A19103F-16F7-4668-BE54-9A1E7A4F7556}") = "Hr.DB", "Hr.DB\Hr.DB.csproj", "{C0D817BD-69F3-4F26-8B57-45C32E863A22}"
EndProject
Project("{9A19103F-16F7-4668-BE54-9A1E7A4F7556}") = "Hr.Services", "Hr.Services\Hr.Services.csproj", "{C8AC9D95-9438-459C-8D47-054E07929075}"
EndProject
Global
	GlobalSection(SolutionConfigurationPlatforms) = preSolution
		Debug|Any CPU = Debug|Any CPU
		Release|Any CPU = Release|Any CPU
	EndGlobalSection
	GlobalSection(ProjectConfigurationPlatforms) = postSolution
		{D4C3626A-4D61-4918-AA8A-DACC526AB54C}.Debug|Any CPU.ActiveCfg = Debug|Any CPU
		{D4C3626A-4D61-4918-AA8A-DACC526AB54C}.Debug|Any CPU.Build.0 = Debug|Any CPU
		{D4C3626A-4D61-4918-AA8A-DACC526AB54C}.Release|Any CPU.ActiveCfg = Release|Any CPU
		{D4C3626A-4D61-4918-AA8A-DACC526AB54C}.Release|Any CPU.Build.0 = Release|Any CPU
		{E666DC8A-1962-4D47-A7B9-6A325CCEC0CE}.Debug|Any CPU.ActiveCfg = Debug|Any CPU
		{E666DC8A-1962-4D47-A7B9-6A325CCEC0CE}.Debug|Any CPU.Build.0 = Debug|Any CPU
		{E666DC8A-1962-4D47-A7B9-6A325CCEC0CE}.Release|Any CPU.ActiveCfg = Release|Any CPU
		{E666DC8A-1962-4D47-A7B9-6A325CCEC0CE}.Release|Any CPU.Build.0 = Release|Any CPU
		{C0D817BD-69F3-4F26-8B57-45C32E863A22}.Debug|Any CPU.ActiveCfg = Debug|Any CPU
		{C0D817BD-69F3-4F26-8B57-45C32E863A22}.Debug|Any CPU.Build.0 = Debug|Any CPU
		{C0D817BD-69F3-4F26-8B57-45C32E863A22}.Release|Any CPU.ActiveCfg = Release|Any CPU
		{C0D817BD-69F3-4F26-8B57-45C32E863A22}.Release|Any CPU.Build.0 = Release|Any CPU
		{C8AC9D95-9438-459C-8D47-054E07929075}.Debug|Any CPU.ActiveCfg = Debug|Any CPU
		{C8AC9D95-9438-459C-8D47-054E07929075}.Debug|Any CPU.Build.0 = Debug|Any CPU
		{C8AC9D95-9438-459C-8D47-054E07929075}.Release|Any CPU.ActiveCfg = Release|Any CPU
		{C8AC9D95-9438-459C-8D47-054E07929075}.Release|Any CPU.Build.0 = Release|Any CPU
	EndGlobalSection
	GlobalSection(SolutionProperties) = preSolution
		HideSolutionNode = FALSE
	EndGlobalSection
	GlobalSection(ExtensibilityGlobals) = postSolution
		SolutionGuid = {BF27C84A-1E6A-41BF-BAD2-B3ED1562D4EF}
	EndGlobalSection
EndGlobal
